{
  "name": "Ai Command Palette",
  "version": "0.13.2",
  "lockfileVersion": 3,
  "requires": true,
  "packages": {
    "": {
      "name": "Ai Command Palette",
      "version": "0.13.2",
      "license": "ISC",
      "dependencies": {
        "types-for-adobe": "^7.2.4"
      }
    },
    "node_modules/types-for-adobe": {
      "version": "7.2.4",
      "resolved": "https://registry.npmjs.org/types-for-adobe/-/types-for-adobe-7.2.4.tgz",
      "integrity": "sha512-XwZmiDwy715vb/KvPv+aDXhAdOG8uxafrHmOeosSRGudQYwgCHwPsQZUGfMbXwCQvgfMjIJE+KsuxN+pjCzrZQ==",
      "license": "MIT"
    }
  }
}
